
Microsoft Visual Studio Solution File, Format Version 12.00
# Visual Studio Version 16
VisualStudioVersion = 16.0.29123.88
MinimumVisualStudioVersion = 15.0.26124.0
Project("{9A19103F-16F7-4668-BE54-9A1E7A4F7556}") = "RussianPeasantMultiplication", "RussianPeasantMultiplication\RussianPeasantMultiplication.csproj", "{6BCAE6E1-032F-4CD3-8583-08DC2AE5B6CC}"
EndProject
Project("{9A19103F-16F7-4668-BE54-9A1E7A4F7556}") = "RussianPeasantMultiplication.Tests", "RussianPeasantMultiplication.Tests\RussianPeasantMultiplication.Tests.csproj", "{134793BC-D39E-4BD4-9EB3-975F966906FE}"
EndProject
Project("{FAE04EC0-301F-11D3-BF4B-00C04F79EFBC}") = "RussianPeasantMultiplication.Console", "RussianPeasantMultiplication.Console\RussianPeasantMultiplication.Console.csproj", "{2E969495-830B-40C3-BC63-44B94D59D213}"
EndProject
Global
	GlobalSection(SolutionConfigurationPlatforms) = preSolution
		Debug|Any CPU = Debug|Any CPU
		Debug|x64 = Debug|x64
		Debug|x86 = Debug|x86
		Release|Any CPU = Release|Any CPU
		Release|x64 = Release|x64
		Release|x86 = Release|x86
	EndGlobalSection
	GlobalSection(ProjectConfigurationPlatforms) = postSolution
		{6BCAE6E1-032F-4CD3-8583-08DC2AE5B6CC}.Debug|Any CPU.ActiveCfg = Debug|Any CPU
		{6BCAE6E1-032F-4CD3-8583-08DC2AE5B6CC}.Debug|Any CPU.Build.0 = Debug|Any CPU
		{6BCAE6E1-032F-4CD3-8583-08DC2AE5B6CC}.Debug|x64.ActiveCfg = Debug|Any CPU
		{6BCAE6E1-032F-4CD3-8583-08DC2AE5B6CC}.Debug|x64.Build.0 = Debug|Any CPU
		{6BCAE6E1-032F-4CD3-8583-08DC2AE5B6CC}.Debug|x86.ActiveCfg = Debug|Any CPU
		{6BCAE6E1-032F-4CD3-8583-08DC2AE5B6CC}.Debug|x86.Build.0 = Debug|Any CPU
		{6BCAE6E1-032F-4CD3-8583-08DC2AE5B6CC}.Release|Any CPU.ActiveCfg = Release|Any CPU
		{6BCAE6E1-032F-4CD3-8583-08DC2AE5B6CC}.Release|Any CPU.Build.0 = Release|Any CPU
		{6BCAE6E1-032F-4CD3-8583-08DC2AE5B6CC}.Release|x64.ActiveCfg = Release|Any CPU
		{6BCAE6E1-032F-4CD3-8583-08DC2AE5B6CC}.Release|x64.Build.0 = Release|Any CPU
		{6BCAE6E1-032F-4CD3-8583-08DC2AE5B6CC}.Release|x86.ActiveCfg = Release|Any CPU
		{6BCAE6E1-032F-4CD3-8583-08DC2AE5B6CC}.Release|x86.Build.0 = Release|Any CPU
		{134793BC-D39E-4BD4-9EB3-975F966906FE}.Debug|Any CPU.ActiveCfg = Debug|Any CPU
		{134793BC-D39E-4BD4-9EB3-975F966906FE}.Debug|Any CPU.Build.0 = Debug|Any CPU
		{134793BC-D39E-4BD4-9EB3-975F966906FE}.Debug|x64.ActiveCfg = Debug|Any CPU
		{134793BC-D39E-4BD4-9EB3-975F966906FE}.Debug|x64.Build.0 = Debug|Any CPU
		{134793BC-D39E-4BD4-9EB3-975F966906FE}.Debug|x86.ActiveCfg = Debug|Any CPU
		{134793BC-D39E-4BD4-9EB3-975F966906FE}.Debug|x86.Build.0 = Debug|Any CPU
		{134793BC-D39E-4BD4-9EB3-975F966906FE}.Release|Any CPU.ActiveCfg = Release|Any CPU
		{134793BC-D39E-4BD4-9EB3-975F966906FE}.Release|Any CPU.Build.0 = Release|Any CPU
		{134793BC-D39E-4BD4-9EB3-975F966906FE}.Release|x64.ActiveCfg = Release|Any CPU
		{134793BC-D39E-4BD4-9EB3-975F966906FE}.Release|x64.Build.0 = Release|Any CPU
		{134793BC-D39E-4BD4-9EB3-975F966906FE}.Release|x86.ActiveCfg = Release|Any CPU
		{134793BC-D39E-4BD4-9EB3-975F966906FE}.Release|x86.Build.0 = Release|Any CPU
		{2E969495-830B-40C3-BC63-44B94D59D213}.Debug|Any CPU.ActiveCfg = Debug|Any CPU
		{2E969495-830B-40C3-BC63-44B94D59D213}.Debug|Any CPU.Build.0 = Debug|Any CPU
		{2E969495-830B-40C3-BC63-44B94D59D213}.Debug|x64.ActiveCfg = Debug|Any CPU
		{2E969495-830B-40C3-BC63-44B94D59D213}.Debug|x64.Build.0 = Debug|Any CPU
		{2E969495-830B-40C3-BC63-44B94D59D213}.Debug|x86.ActiveCfg = Debug|Any CPU
		{2E969495-830B-40C3-BC63-44B94D59D213}.Debug|x86.Build.0 = Debug|Any CPU
		{2E969495-830B-40C3-BC63-44B94D59D213}.Release|Any CPU.ActiveCfg = Release|Any CPU
		{2E969495-830B-40C3-BC63-44B94D59D213}.Release|Any CPU.Build.0 = Release|Any CPU
		{2E969495-830B-40C3-BC63-44B94D59D213}.Release|x64.ActiveCfg = Release|Any CPU
		{2E969495-830B-40C3-BC63-44B94D59D213}.Release|x64.Build.0 = Release|Any CPU
		{2E969495-830B-40C3-BC63-44B94D59D213}.Release|x86.ActiveCfg = Release|Any CPU
		{2E969495-830B-40C3-BC63-44B94D59D213}.Release|x86.Build.0 = Release|Any CPU
	EndGlobalSection
	GlobalSection(SolutionProperties) = preSolution
		HideSolutionNode = FALSE
	EndGlobalSection
	GlobalSection(ExtensibilityGlobals) = postSolution
		SolutionGuid = {676685D1-00EC-4CD3-BAC9-75239D139F08}
	EndGlobalSection
EndGlobal
